
Microsoft Visual Studio Solution File, Format Version 12.00
# Visual Studio Version 17
VisualStudioVersion = 17.14.36414.22 d17.14
MinimumVisualStudioVersion = 10.0.40219.1
Project("{FAE04EC0-301F-11D3-BF4B-00C04F79EFBC}") = "CafeteriaEcommerce", "CafeteriaEcommerce\CafeteriaEcommerce.csproj", "{664A6DF0-1D89-4545-929D-7EB242D95AC7}"
EndProject
Global
	GlobalSection(SolutionConfigurationPlatforms) = preSolution
		Debug|Any CPU = Debug|Any CPU
		Release|Any CPU = Release|Any CPU
	EndGlobalSection
	GlobalSection(ProjectConfigurationPlatforms) = postSolution
		{664A6DF0-1D89-4545-929D-7EB242D95AC7}.Debug|Any CPU.ActiveCfg = Debug|Any CPU
		{664A6DF0-1D89-4545-929D-7EB242D95AC7}.Debug|Any CPU.Build.0 = Debug|Any CPU
		{664A6DF0-1D89-4545-929D-7EB242D95AC7}.Release|Any CPU.ActiveCfg = Release|Any CPU
		{664A6DF0-1D89-4545-929D-7EB242D95AC7}.Release|Any CPU.Build.0 = Release|Any CPU
	EndGlobalSection
	GlobalSection(SolutionProperties) = preSolution
		HideSolutionNode = FALSE
	EndGlobalSection
	GlobalSection(ExtensibilityGlobals) = postSolution
		SolutionGuid = {CB43253A-0773-4B88-80C1-7F7B68A58F52}
	EndGlobalSection
EndGlobal
